
Microsoft Visual Studio Solution File, Format Version 12.00
# Visual Studio Version 17
VisualStudioVersion = 17.12.35506.116 d17.12
MinimumVisualStudioVersion = 10.0.40219.1
Project("{FAE04EC0-301F-11D3-BF4B-00C04F79EFBC}") = "BasketBall.Server", "BasketBall.Server\BasketBall.Server.csproj", "{44DD6600-98D9-4E66-8386-9D6F7E47B5DD}"
EndProject
Project("{54A90642-561A-4BB1-A94E-469ADEE60C69}") = "basketball.client", "basketball.client\basketball.client.esproj", "{F8FC06D1-5E0A-43A9-A469-1A462A30827C}"
EndProject
Global
	GlobalSection(SolutionConfigurationPlatforms) = preSolution
		Debug|Any CPU = Debug|Any CPU
		Release|Any CPU = Release|Any CPU
	EndGlobalSection
	GlobalSection(ProjectConfigurationPlatforms) = postSolution
		{44DD6600-98D9-4E66-8386-9D6F7E47B5DD}.Debug|Any CPU.ActiveCfg = Debug|Any CPU
		{44DD6600-98D9-4E66-8386-9D6F7E47B5DD}.Debug|Any CPU.Build.0 = Debug|Any CPU
		{44DD6600-98D9-4E66-8386-9D6F7E47B5DD}.Release|Any CPU.ActiveCfg = Release|Any CPU
		{44DD6600-98D9-4E66-8386-9D6F7E47B5DD}.Release|Any CPU.Build.0 = Release|Any CPU
		{F8FC06D1-5E0A-43A9-A469-1A462A30827C}.Debug|Any CPU.ActiveCfg = Debug|Any CPU
		{F8FC06D1-5E0A-43A9-A469-1A462A30827C}.Debug|Any CPU.Build.0 = Debug|Any CPU
		{F8FC06D1-5E0A-43A9-A469-1A462A30827C}.Debug|Any CPU.Deploy.0 = Debug|Any CPU
		{F8FC06D1-5E0A-43A9-A469-1A462A30827C}.Release|Any CPU.ActiveCfg = Release|Any CPU
		{F8FC06D1-5E0A-43A9-A469-1A462A30827C}.Release|Any CPU.Build.0 = Release|Any CPU
		{F8FC06D1-5E0A-43A9-A469-1A462A30827C}.Release|Any CPU.Deploy.0 = Release|Any CPU
	EndGlobalSection
	GlobalSection(SolutionProperties) = preSolution
		HideSolutionNode = FALSE
	EndGlobalSection
EndGlobal
